PODS:
  - AEXML (4.3.0)
  - PathKit (0.9.1)
  - PixelTest (0.7.0):
    - xcproj
  - ShowTime (2.3.0)
  - xcproj (4.3.0):
    - AEXML (~> 4.3)
    - PathKit (~> 0.9.1)

DEPENDENCIES:
  - PixelTest (= 0.7.0)
  - ShowTime (from `../`)

EXTERNAL SOURCES:
  ShowTime:
    :path: ../

SPEC CHECKSUMS:
  AEXML: bae92c01e0da64132fd72f748721cda07466032b
  PathKit: 7dcba9f0150afb67e0a520c49707a2cbc8e95937
  PixelTest: 3f2a947644cd54f45acb2a7b1273f1a03deaf229
  ShowTime: ea2a2918f9a23a773598e2f131ebe2ec8e28f2c1
  xcproj: 7a9fe0c5f00617c0fa306b37858f157c786aff42

PODFILE CHECKSUM: 82c6dec37e091a93a2878e5ef928c0fc67c05346

COCOAPODS: 1.4.0
