PODS:
  - PixelTest (2.3.0)
  - ShowTime (2.5.2)

DEPENDENCIES:
  - PixelTest
  - ShowTime (from `../`)

SPEC REPOS:
  trunk:
    - PixelTest

EXTERNAL SOURCES:
  ShowTime:
    :path: "../"

SPEC CHECKSUMS:
  PixelTest: bf8ebcab58def20fbcf4ff791b80b74687eb4529
  ShowTime: 5cb2c5314da2983cec44f27123a15473cf29306f

PODFILE CHECKSUM: 1eeb455a7480bdb5803f86041651fb7df6759835

COCOAPODS: 1.9.1
