// !$*UTF8*$!
{
	archiveVersion = 1;
	classes = {
	};
	objectVersion = 52;
	objects = {

/* Begin PBXBuildFile section */
		C33363A622A86406004BFDA0 /* AppDelegate.swift in Sources */ = {isa = PBXBuildFile; fileRef = C33363A522A86406004BFDA0 /* AppDelegate.swift */; };
		C33363A822A86406004BFDA0 /* SceneDelegate.swift in Sources */ = {isa = PBXBuildFile; fileRef = C33363A722A86406004BFDA0 /* SceneDelegate.swift */; };
		C33363AA22A86406004BFDA0 /* ContentView.swift in Sources */ = {isa = PBXBuildFile; fileRef = C33363A922A86406004BFDA0 /* ContentView.swift */; };
		C33363AC22A86408004BFDA0 /* Assets.xcassets in Resources */ = {isa = PBXBuildFile; fileRef = C33363AB22A86408004BFDA0 /* Assets.xcassets */; };
		C33363AF22A86408004BFDA0 /* Preview Assets.xcassets in Resources */ = {isa = PBXBuildFile; fileRef = C33363AE22A86408004BFDA0 /* Preview Assets.xcassets */; };
		C33363B222A86408004BFDA0 /* LaunchScreen.storyboard in Resources */ = {isa = PBXBuildFile; fileRef = C33363B022A86408004BFDA0 /* LaunchScreen.storyboard */; };
		C33363BB22A86430004BFDA0 /* ShowTime in Frameworks */ = {isa = PBXBuildFile; productRef = C33363BA22A86430004BFDA0 /* ShowTime */; };
/* End PBXBuildFile section */

/* Begin PBXFileReference section */
		C33363A222A86406004BFDA0 /* Example_iOS.app */ = {isa = PBXFileReference; explicitFileType = wrapper.application; includeInIndex = 0; path = Example_iOS.app; sourceTree = BUILT_PRODUCTS_DIR; };
		C33363A522A86406004BFDA0 /* AppDelegate.swift */ = {isa = PBXFileReference; lastKnownFileType = sourcecode.swift; path = AppDelegate.swift; sourceTree = "<group>"; };
		C33363A722A86406004BFDA0 /* SceneDelegate.swift */ = {isa = PBXFileReference; lastKnownFileType = sourcecode.swift; path = SceneDelegate.swift; sourceTree = "<group>"; };
		C33363A922A86406004BFDA0 /* ContentView.swift */ = {isa = PBXFileReference; lastKnownFileType = sourcecode.swift; path = ContentView.swift; sourceTree = "<group>"; };
		C33363AB22A86408004BFDA0 /* Assets.xcassets */ = {isa = PBXFileReference; lastKnownFileType = folder.assetcatalog; path = Assets.xcassets; sourceTree = "<group>"; };
		C33363AE22A86408004BFDA0 /* Preview Assets.xcassets */ = {isa = PBXFileReference; lastKnownFileType = folder.assetcatalog; path = "Preview Assets.xcassets"; sourceTree = "<group>"; };
		C33363B122A86408004BFDA0 /* Base */ = {isa = PBXFileReference; lastKnownFileType = file.storyboard; name = Base; path = Base.lproj/LaunchScreen.storyboard; sourceTree = "<group>"; };
		C33363B322A86408004BFDA0 /* Info.plist */ = {isa = PBXFileReference; lastKnownFileType = text.plist.xml; path = Info.plist; sourceTree = "<group>"; };
/* End PBXFileReference section */

/* Begin PBXFrameworksBuildPhase section */
		C333639F22A86406004BFDA0 /* Frameworks */ = {
			isa = PBXFrameworksBuildPhase;
			buildActionMask = 2147483647;
			files = (
				C33363BB22A86430004BFDA0 /* ShowTime in Frameworks */,
			);
			runOnlyForDeploymentPostprocessing = 0;
		};
/* End PBXFrameworksBuildPhase section */

/* Begin PBXGroup section */
		C333639922A86406004BFDA0 = {
			isa = PBXGroup;
			children = (
				C33363A422A86406004BFDA0 /* Example_iOS */,
				C33363A322A86406004BFDA0 /* Products */,
				C33363B922A86430004BFDA0 /* Frameworks */,
			);
			sourceTree = "<group>";
		};
		C33363A322A86406004BFDA0 /* Products */ = {
			isa = PBXGroup;
			children = (
				C33363A222A86406004BFDA0 /* Example_iOS.app */,
			);
			name = Products;
			sourceTree = "<group>";
		};
		C33363A422A86406004BFDA0 /* Example_iOS */ = {
			isa = PBXGroup;
			children = (
				C33363A522A86406004BFDA0 /* AppDelegate.swift */,
				C33363A722A86406004BFDA0 /* SceneDelegate.swift */,
				C33363A922A86406004BFDA0 /* ContentView.swift */,
				C33363AB22A86408004BFDA0 /* Assets.xcassets */,
				C33363B022A86408004BFDA0 /* LaunchScreen.storyboard */,
				C33363B322A86408004BFDA0 /* Info.plist */,
				C33363AD22A86408004BFDA0 /* Preview Content */,
			);
			path = Example_iOS;
			sourceTree = "<group>";
		};
		C33363AD22A86408004BFDA0 /* Preview Content */ = {
			isa = PBXGroup;
			children = (
				C33363AE22A86408004BFDA0 /* Preview Assets.xcassets */,
			);
			path = "Preview Content";
			sourceTree = "<group>";
		};
		C33363B922A86430004BFDA0 /* Frameworks */ = {
			isa = PBXGroup;
			children = (
			);
			name = Frameworks;
			sourceTree = "<group>";
		};
/* End PBXGroup section */

/* Begin PBXNativeTarget section */
		C33363A122A86406004BFDA0 /* Example_iOS */ = {
			isa = PBXNativeTarget;
			buildConfigurationList = C33363B622A86408004BFDA0 /* Build configuration list for PBXNativeTarget "Example_iOS" */;
			buildPhases = (
				C333639E22A86406004BFDA0 /* Sources */,
				C333639F22A86406004BFDA0 /* Frameworks */,
				C33363A022A86406004BFDA0 /* Resources */,
			);
			buildRules = (
			);
			dependencies = (
			);
			name = Example_iOS;
			packageProductDependencies = (
				C33363BA22A86430004BFDA0 /* ShowTime */,
			);
			productName = Example_iOS;
			productReference = C33363A222A86406004BFDA0 /* Example_iOS.app */;
			productType = "com.apple.product-type.application";
		};
/* End PBXNativeTarget section */

/* Begin PBXProject section */
		C333639A22A86406004BFDA0 /* Project object */ = {
			isa = PBXProject;
			attributes = {
				LastSwiftUpdateCheck = 1100;
				LastUpgradeCheck = 1100;
				ORGANIZATIONNAME = kane.codes;
				TargetAttributes = {
					C33363A122A86406004BFDA0 = {
						CreatedOnToolsVersion = 11.0;
					};
				};
			};
			buildConfigurationList = C333639D22A86406004BFDA0 /* Build configuration list for PBXProject "Example_iOS" */;
			compatibilityVersion = "Xcode 9.3";
			developmentRegion = en;
			hasScannedForEncodings = 0;
			knownRegions = (
				en,
				Base,
			);
			mainGroup = C333639922A86406004BFDA0;
			productRefGroup = C33363A322A86406004BFDA0 /* Products */;
			projectDirPath = "";
			projectRoot = "";
			targets = (
				C33363A122A86406004BFDA0 /* Example_iOS */,
			);
		};
/* End PBXProject section */

/* Begin PBXResourcesBuildPhase section */
		C33363A022A86406004BFDA0 /* Resources */ = {
			isa = PBXResourcesBuildPhase;
			buildActionMask = 2147483647;
			files = (
				C33363B222A86408004BFDA0 /* LaunchScreen.storyboard in Resources */,
				C33363AF22A86408004BFDA0 /* Preview Assets.xcassets in Resources */,
				C33363AC22A86408004BFDA0 /* Assets.xcassets in Resources */,
			);
			runOnlyForDeploymentPostprocessing = 0;
		};
/* End PBXResourcesBuildPhase section */

/* Begin PBXSourcesBuildPhase section */
		C333639E22A86406004BFDA0 /* Sources */ = {
			isa = PBXSourcesBuildPhase;
			buildActionMask = 2147483647;
			files = (
				C33363A622A86406004BFDA0 /* AppDelegate.swift in Sources */,
				C33363A822A86406004BFDA0 /* SceneDelegate.swift in Sources */,
				C33363AA22A86406004BFDA0 /* ContentView.swift in Sources */,
			);
			runOnlyForDeploymentPostprocessing = 0;
		};
/* End PBXSourcesBuildPhase section */

/* Begin PBXVariantGroup section */
		C33363B022A86408004BFDA0 /* LaunchScreen.storyboard */ = {
			isa = PBXVariantGroup;
			children = (
				C33363B122A86408004BFDA0 /* Base */,
			);
			name = LaunchScreen.storyboard;
			sourceTree = "<group>";
		};
/* End PBXVariantGroup section */

/* Begin XCBuildConfiguration section */
		C33363B422A86408004BFDA0 /* Debug */ = {
			isa = XCBuildConfiguration;
			buildSettings = {
				ALWAYS_SEARCH_USER_PATHS = NO;
				CLANG_ANALYZER_NONNULL = YES;
				CLANG_ANALYZER_NUMBER_OBJECT_CONVERSION = YES_AGGRESSIVE;
				CLANG_CXX_LANGUAGE_STANDARD = "gnu++14";
				CLANG_CXX_LIBRARY = "libc++";
				CLANG_ENABLE_MODULES = YES;
				CLANG_ENABLE_OBJC_ARC = YES;
				CLANG_ENABLE_OBJC_WEAK = YES;
				CLANG_WARN_BLOCK_CAPTURE_AUTORELEASING = YES;
				CLANG_WARN_BOOL_CONVERSION = YES;
				CLANG_WARN_COMMA = YES;
				CLANG_WARN_CONSTANT_CONVERSION = YES;
				CLANG_WARN_DEPRECATED_OBJC_IMPLEMENTATIONS = YES;
				CLANG_WARN_DIRECT_OBJC_ISA_USAGE = YES_ERROR;
				CLANG_WARN_DOCUMENTATION_COMMENTS = YES;
				CLANG_WARN_EMPTY_BODY = YES;
				CLANG_WARN_ENUM_CONVERSION = YES;
				CLANG_WARN_INFINITE_RECURSION = YES;
				CLANG_WARN_INT_CONVERSION = YES;
				CLANG_WARN_NON_LITERAL_NULL_CONVERSION = YES;
				CLANG_WARN_OBJC_IMPLICIT_RETAIN_SELF = YES;
				CLANG_WARN_OBJC_LITERAL_CONVERSION = YES;
				CLANG_WARN_OBJC_ROOT_CLASS = YES_ERROR;
				CLANG_WARN_RANGE_LOOP_ANALYSIS = YES;
				CLANG_WARN_STRICT_PROTOTYPES = YES;
				CLANG_WARN_SUSPICIOUS_MOVE = YES;
				CLANG_WARN_UNGUARDED_AVAILABILITY = YES_AGGRESSIVE;
				CLANG_WARN_UNREACHABLE_CODE = YES;
				CLANG_WARN__DUPLICATE_METHOD_MATCH = YES;
				COPY_PHASE_STRIP = NO;
				DEBUG_INFORMATION_FORMAT = dwarf;
				ENABLE_STRICT_OBJC_MSGSEND = YES;
				ENABLE_TESTABILITY = YES;
				GCC_C_LANGUAGE_STANDARD = gnu11;
				GCC_DYNAMIC_NO_PIC = NO;
				GCC_NO_COMMON_BLOCKS = YES;
				GCC_OPTIMIZATION_LEVEL = 0;
				GCC_PREPROCESSOR_DEFINITIONS = (
					"DEBUG=1",
					"$(inherited)",
				);
				GCC_WARN_64_TO_32_BIT_CONVERSION = YES;
				GCC_WARN_ABOUT_RETURN_TYPE = YES_ERROR;
				GCC_WARN_UNDECLARED_SELECTOR = YES;
				GCC_WARN_UNINITIALIZED_AUTOS = YES_AGGRESSIVE;
				GCC_WARN_UNUSED_FUNCTION = YES;
				GCC_WARN_UNUSED_VARIABLE = YES;
				IPHONEOS_DEPLOYMENT_TARGET = 13.0;
				MTL_ENABLE_DEBUG_INFO = INCLUDE_SOURCE;
				MTL_FAST_MATH = YES;
				ONLY_ACTIVE_ARCH = YES;
				SDKROOT = iphoneos;
				SWIFT_ACTIVE_COMPILATION_CONDITIONS = DEBUG;
				SWIFT_OPTIMIZATION_LEVEL = "-Onone";
			};
			name = Debug;
		};
		C33363B522A86408004BFDA0 /* Release */ = {
			isa = XCBuildConfiguration;
			buildSettings = {
				ALWAYS_SEARCH_USER_PATHS = NO;
				CLANG_ANALYZER_NONNULL = YES;
				CLANG_ANALYZER_NUMBER_OBJECT_CONVERSION = YES_AGGRESSIVE;
				CLANG_CXX_LANGUAGE_STANDARD = "gnu++14";
				CLANG_CXX_LIBRARY = "libc++";
				CLANG_ENABLE_MODULES = YES;
				CLANG_ENABLE_OBJC_ARC = YES;
				CLANG_ENABLE_OBJC_WEAK = YES;
				CLANG_WARN_BLOCK_CAPTURE_AUTORELEASING = YES;
				CLANG_WARN_BOOL_CONVERSION = YES;
				CLANG_WARN_COMMA = YES;
				CLANG_WARN_CONSTANT_CONVERSION = YES;
				CLANG_WARN_DEPRECATED_OBJC_IMPLEMENTATIONS = YES;
				CLANG_WARN_DIRECT_OBJC_ISA_USAGE = YES_ERROR;
				CLANG_WARN_DOCUMENTATION_COMMENTS = YES;
				CLANG_WARN_EMPTY_BODY = YES;
				CLANG_WARN_ENUM_CONVERSION = YES;
				CLANG_WARN_INFINITE_RECURSION = YES;
				CLANG_WARN_INT_CONVERSION = YES;
				CLANG_WARN_NON_LITERAL_NULL_CONVERSION = YES;
				CLANG_WARN_OBJC_IMPLICIT_RETAIN_SELF = YES;
				CLANG_WARN_OBJC_LITERAL_CONVERSION = YES;
				CLANG_WARN_OBJC_ROOT_CLASS = YES_ERROR;
				CLANG_WARN_RANGE_LOOP_ANALYSIS = YES;
				CLANG_WARN_STRICT_PROTOTYPES = YES;
				CLANG_WARN_SUSPICIOUS_MOVE = YES;
				CLANG_WARN_UNGUARDED_AVAILABILITY = YES_AGGRESSIVE;
				CLANG_WARN_UNREACHABLE_CODE = YES;
				CLANG_WARN__DUPLICATE_METHOD_MATCH = YES;
				COPY_PHASE_STRIP = NO;
				DEBUG_INFORMATION_FORMAT = "dwarf-with-dsym";
				ENABLE_NS_ASSERTIONS = NO;
				ENABLE_STRICT_OBJC_MSGSEND = YES;
				GCC_C_LANGUAGE_STANDARD = gnu11;
				GCC_NO_COMMON_BLOCKS = YES;
				GCC_WARN_64_TO_32_BIT_CONVERSION = YES;
				GCC_WARN_ABOUT_RETURN_TYPE = YES_ERROR;
				GCC_WARN_UNDECLARED_SELECTOR = YES;
				GCC_WARN_UNINITIALIZED_AUTOS = YES_AGGRESSIVE;
				GCC_WARN_UNUSED_FUNCTION = YES;
				GCC_WARN_UNUSED_VARIABLE = YES;
				IPHONEOS_DEPLOYMENT_TARGET = 13.0;
				MTL_ENABLE_DEBUG_INFO = NO;
				MTL_FAST_MATH = YES;
				SDKROOT = iphoneos;
				SWIFT_COMPILATION_MODE = wholemodule;
				SWIFT_OPTIMIZATION_LEVEL = "-O";
				VALIDATE_PRODUCT = YES;
			};
			name = Release;
		};
		C33363B722A86408004BFDA0 /* Debug */ = {
			isa = XCBuildConfiguration;
			buildSettings = {
				ASSETCATALOG_COMPILER_APPICON_NAME = AppIcon;
				CODE_SIGN_STYLE = Automatic;
				DEVELOPMENT_ASSET_PATHS = "Example_iOS/Preview\\ Content";
				DEVELOPMENT_TEAM = 9BCL7VAFF4;
				ENABLE_PREVIEWS = YES;
				INFOPLIST_FILE = Example_iOS/Info.plist;
				LD_RUNPATH_SEARCH_PATHS = (
					"$(inherited)",
					"@executable_path/Frameworks",
				);
				PRODUCT_BUNDLE_IDENTIFIER = "com.kane.codes.Example-iOS";
				PRODUCT_NAME = "$(TARGET_NAME)";
				SWIFT_VERSION = 5.0;
				TARGETED_DEVICE_FAMILY = "1,2";
			};
			name = Debug;
		};
		C33363B822A86408004BFDA0 /* Release */ = {
			isa = XCBuildConfiguration;
			buildSettings = {
				ASSETCATALOG_COMPILER_APPICON_NAME = AppIcon;
				CODE_SIGN_STYLE = Automatic;
				DEVELOPMENT_ASSET_PATHS = "Example_iOS/Preview\\ Content";
				DEVELOPMENT_TEAM = 9BCL7VAFF4;
				ENABLE_PREVIEWS = YES;
				INFOPLIST_FILE = Example_iOS/Info.plist;
				LD_RUNPATH_SEARCH_PATHS = (
					"$(inherited)",
					"@executable_path/Frameworks",
				);
				PRODUCT_BUNDLE_IDENTIFIER = "com.kane.codes.Example-iOS";
				PRODUCT_NAME = "$(TARGET_NAME)";
				SWIFT_VERSION = 5.0;
				TARGETED_DEVICE_FAMILY = "1,2";
			};
			name = Release;
		};
/* End XCBuildConfiguration section */

/* Begin XCConfigurationList section */
		C333639D22A86406004BFDA0 /* Build configuration list for PBXProject "Example_iOS" */ = {
			isa = XCConfigurationList;
			buildConfigurations = (
				C33363B422A86408004BFDA0 /* Debug */,
				C33363B522A86408004BFDA0 /* Release */,
			);
			defaultConfigurationIsVisible = 0;
			defaultConfigurationName = Release;
		};
		C33363B622A86408004BFDA0 /* Build configuration list for PBXNativeTarget "Example_iOS" */ = {
			isa = XCConfigurationList;
			buildConfigurations = (
				C33363B722A86408004BFDA0 /* Debug */,
				C33363B822A86408004BFDA0 /* Release */,
			);
			defaultConfigurationIsVisible = 0;
			defaultConfigurationName = Release;
		};
/* End XCConfigurationList section */

/* Begin XCSwiftPackageProductDependency section */
		C33363BA22A86430004BFDA0 /* ShowTime */ = {
			isa = XCSwiftPackageProductDependency;
			productName = ShowTime;
		};
/* End XCSwiftPackageProductDependency section */
	};
	rootObject = C333639A22A86406004BFDA0 /* Project object */;
}
