// !$*UTF8*$!
{
	archiveVersion = 1;
	classes = {
	};
	objectVersion = 46;
	objects = {

/* Begin PBXBuildFile section */
		C32F4F501DD5BF2A0015CA8A /* AppDelegate.swift in Sources */ = {isa = PBXBuildFile; fileRef = C32F4F4F1DD5BF2A0015CA8A /* AppDelegate.swift */; };
		C32F4F521DD5BF2A0015CA8A /* ViewController.swift in Sources */ = {isa = PBXBuildFile; fileRef = C32F4F511DD5BF2A0015CA8A /* ViewController.swift */; };
		C32F4F551DD5BF2A0015CA8A /* Main.storyboard in Resources */ = {isa = PBXBuildFile; fileRef = C32F4F531DD5BF2A0015CA8A /* Main.storyboard */; };
		C32F4F571DD5BF2A0015CA8A /* Assets.xcassets in Resources */ = {isa = PBXBuildFile; fileRef = C32F4F561DD5BF2A0015CA8A /* Assets.xcassets */; };
		C32F4F5A1DD5BF2A0015CA8A /* LaunchScreen.storyboard in Resources */ = {isa = PBXBuildFile; fileRef = C32F4F581DD5BF2A0015CA8A /* LaunchScreen.storyboard */; };
		C32F4F651DD5BF2A0015CA8A /* ShowTimeTests.swift in Sources */ = {isa = PBXBuildFile; fileRef = C32F4F641DD5BF2A0015CA8A /* ShowTimeTests.swift */; };
		C32F4F791DD6B5140015CA8A /* ShowTime.swift in Sources */ = {isa = PBXBuildFile; fileRef = C32F4F781DD6B5140015CA8A /* ShowTime.swift */; };
/* End PBXBuildFile section */

/* Begin PBXContainerItemProxy section */
		C32F4F611DD5BF2A0015CA8A /* PBXContainerItemProxy */ = {
			isa = PBXContainerItemProxy;
			containerPortal = C32F4F441DD5BF2A0015CA8A /* Project object */;
			proxyType = 1;
			remoteGlobalIDString = C32F4F4B1DD5BF2A0015CA8A;
			remoteInfo = ShowTime;
		};
/* End PBXContainerItemProxy section */

/* Begin PBXFileReference section */
		C32F4F4C1DD5BF2A0015CA8A /* ShowTime.app */ = {isa = PBXFileReference; explicitFileType = wrapper.application; includeInIndex = 0; path = ShowTime.app; sourceTree = BUILT_PRODUCTS_DIR; };
		C32F4F4F1DD5BF2A0015CA8A /* AppDelegate.swift */ = {isa = PBXFileReference; lastKnownFileType = sourcecode.swift; path = AppDelegate.swift; sourceTree = "<group>"; };
		C32F4F511DD5BF2A0015CA8A /* ViewController.swift */ = {isa = PBXFileReference; lastKnownFileType = sourcecode.swift; path = ViewController.swift; sourceTree = "<group>"; };
		C32F4F541DD5BF2A0015CA8A /* Base */ = {isa = PBXFileReference; lastKnownFileType = file.storyboard; name = Base; path = Base.lproj/Main.storyboard; sourceTree = "<group>"; };
		C32F4F561DD5BF2A0015CA8A /* Assets.xcassets */ = {isa = PBXFileReference; lastKnownFileType = folder.assetcatalog; path = Assets.xcassets; sourceTree = "<group>"; };
		C32F4F591DD5BF2A0015CA8A /* Base */ = {isa = PBXFileReference; lastKnownFileType = file.storyboard; name = Base; path = Base.lproj/LaunchScreen.storyboard; sourceTree = "<group>"; };
		C32F4F5B1DD5BF2A0015CA8A /* Info.plist */ = {isa = PBXFileReference; lastKnownFileType = text.plist.xml; path = Info.plist; sourceTree = "<group>"; };
		C32F4F601DD5BF2A0015CA8A /* ShowTimeTests.xctest */ = {isa = PBXFileReference; explicitFileType = wrapper.cfbundle; includeInIndex = 0; path = ShowTimeTests.xctest; sourceTree = BUILT_PRODUCTS_DIR; };
		C32F4F641DD5BF2A0015CA8A /* ShowTimeTests.swift */ = {isa = PBXFileReference; lastKnownFileType = sourcecode.swift; path = ShowTimeTests.swift; sourceTree = "<group>"; };
		C32F4F661DD5BF2A0015CA8A /* Info.plist */ = {isa = PBXFileReference; lastKnownFileType = text.plist.xml; path = Info.plist; sourceTree = "<group>"; };
		C32F4F781DD6B5140015CA8A /* ShowTime.swift */ = {isa = PBXFileReference; fileEncoding = 4; lastKnownFileType = sourcecode.swift; path = ShowTime.swift; sourceTree = "<group>"; };
/* End PBXFileReference section */

/* Begin PBXFrameworksBuildPhase section */
		C32F4F491DD5BF2A0015CA8A /* Frameworks */ = {
			isa = PBXFrameworksBuildPhase;
			buildActionMask = 2147483647;
			files = (
			);
			runOnlyForDeploymentPostprocessing = 0;
		};
		C32F4F5D1DD5BF2A0015CA8A /* Frameworks */ = {
			isa = PBXFrameworksBuildPhase;
			buildActionMask = 2147483647;
			files = (
			);
			runOnlyForDeploymentPostprocessing = 0;
		};
/* End PBXFrameworksBuildPhase section */

/* Begin PBXGroup section */
		C32F4F431DD5BF2A0015CA8A = {
			isa = PBXGroup;
			children = (
				C32F4F781DD6B5140015CA8A /* ShowTime.swift */,
				C32F4F4E1DD5BF2A0015CA8A /* ShowTime */,
				C32F4F631DD5BF2A0015CA8A /* ShowTimeTests */,
				C32F4F4D1DD5BF2A0015CA8A /* Products */,
			);
			sourceTree = "<group>";
		};
		C32F4F4D1DD5BF2A0015CA8A /* Products */ = {
			isa = PBXGroup;
			children = (
				C32F4F4C1DD5BF2A0015CA8A /* ShowTime.app */,
				C32F4F601DD5BF2A0015CA8A /* ShowTimeTests.xctest */,
			);
			name = Products;
			sourceTree = "<group>";
		};
		C32F4F4E1DD5BF2A0015CA8A /* ShowTime */ = {
			isa = PBXGroup;
			children = (
				C32F4F4F1DD5BF2A0015CA8A /* AppDelegate.swift */,
				C32F4F511DD5BF2A0015CA8A /* ViewController.swift */,
				C32F4F531DD5BF2A0015CA8A /* Main.storyboard */,
				C32F4F561DD5BF2A0015CA8A /* Assets.xcassets */,
				C32F4F581DD5BF2A0015CA8A /* LaunchScreen.storyboard */,
				C32F4F5B1DD5BF2A0015CA8A /* Info.plist */,
			);
			path = ShowTime;
			sourceTree = "<group>";
		};
		C32F4F631DD5BF2A0015CA8A /* ShowTimeTests */ = {
			isa = PBXGroup;
			children = (
				C32F4F641DD5BF2A0015CA8A /* ShowTimeTests.swift */,
				C32F4F661DD5BF2A0015CA8A /* Info.plist */,
			);
			path = ShowTimeTests;
			sourceTree = "<group>";
		};
/* End PBXGroup section */

/* Begin PBXNativeTarget section */
		C32F4F4B1DD5BF2A0015CA8A /* ShowTime */ = {
			isa = PBXNativeTarget;
			buildConfigurationList = C32F4F691DD5BF2A0015CA8A /* Build configuration list for PBXNativeTarget "ShowTime" */;
			buildPhases = (
				C32F4F481DD5BF2A0015CA8A /* Sources */,
				C32F4F491DD5BF2A0015CA8A /* Frameworks */,
				C32F4F4A1DD5BF2A0015CA8A /* Resources */,
			);
			buildRules = (
			);
			dependencies = (
			);
			name = ShowTime;
			productName = ShowTime;
			productReference = C32F4F4C1DD5BF2A0015CA8A /* ShowTime.app */;
			productType = "com.apple.product-type.application";
		};
		C32F4F5F1DD5BF2A0015CA8A /* ShowTimeTests */ = {
			isa = PBXNativeTarget;
			buildConfigurationList = C32F4F6C1DD5BF2A0015CA8A /* Build configuration list for PBXNativeTarget "ShowTimeTests" */;
			buildPhases = (
				C32F4F5C1DD5BF2A0015CA8A /* Sources */,
				C32F4F5D1DD5BF2A0015CA8A /* Frameworks */,
				C32F4F5E1DD5BF2A0015CA8A /* Resources */,
			);
			buildRules = (
			);
			dependencies = (
				C32F4F621DD5BF2A0015CA8A /* PBXTargetDependency */,
			);
			name = ShowTimeTests;
			productName = ShowTimeTests;
			productReference = C32F4F601DD5BF2A0015CA8A /* ShowTimeTests.xctest */;
			productType = "com.apple.product-type.bundle.unit-test";
		};
/* End PBXNativeTarget section */

/* Begin PBXProject section */
		C32F4F441DD5BF2A0015CA8A /* Project object */ = {
			isa = PBXProject;
			attributes = {
				LastSwiftUpdateCheck = 0810;
				LastUpgradeCheck = 0810;
				ORGANIZATIONNAME = "Kane Cheshire";
				TargetAttributes = {
					C32F4F4B1DD5BF2A0015CA8A = {
						CreatedOnToolsVersion = 8.1;
						DevelopmentTeam = 9BCL7VAFF4;
						ProvisioningStyle = Automatic;
					};
					C32F4F5F1DD5BF2A0015CA8A = {
						CreatedOnToolsVersion = 8.1;
						DevelopmentTeam = 9BCL7VAFF4;
						ProvisioningStyle = Automatic;
						TestTargetID = C32F4F4B1DD5BF2A0015CA8A;
					};
				};
			};
			buildConfigurationList = C32F4F471DD5BF2A0015CA8A /* Build configuration list for PBXProject "ShowTime" */;
			compatibilityVersion = "Xcode 3.2";
			developmentRegion = English;
			hasScannedForEncodings = 0;
			knownRegions = (
				en,
				Base,
			);
			mainGroup = C32F4F431DD5BF2A0015CA8A;
			productRefGroup = C32F4F4D1DD5BF2A0015CA8A /* Products */;
			projectDirPath = "";
			projectRoot = "";
			targets = (
				C32F4F4B1DD5BF2A0015CA8A /* ShowTime */,
				C32F4F5F1DD5BF2A0015CA8A /* ShowTimeTests */,
			);
		};
/* End PBXProject section */

/* Begin PBXResourcesBuildPhase section */
		C32F4F4A1DD5BF2A0015CA8A /* Resources */ = {
			isa = PBXResourcesBuildPhase;
			buildActionMask = 2147483647;
			files = (
				C32F4F5A1DD5BF2A0015CA8A /* LaunchScreen.storyboard in Resources */,
				C32F4F571DD5BF2A0015CA8A /* Assets.xcassets in Resources */,
				C32F4F551DD5BF2A0015CA8A /* Main.storyboard in Resources */,
			);
			runOnlyForDeploymentPostprocessing = 0;
		};
		C32F4F5E1DD5BF2A0015CA8A /* Resources */ = {
			isa = PBXResourcesBuildPhase;
			buildActionMask = 2147483647;
			files = (
			);
			runOnlyForDeploymentPostprocessing = 0;
		};
/* End PBXResourcesBuildPhase section */

/* Begin PBXSourcesBuildPhase section */
		C32F4F481DD5BF2A0015CA8A /* Sources */ = {
			isa = PBXSourcesBuildPhase;
			buildActionMask = 2147483647;
			files = (
				C32F4F791DD6B5140015CA8A /* ShowTime.swift in Sources */,
				C32F4F521DD5BF2A0015CA8A /* ViewController.swift in Sources */,
				C32F4F501DD5BF2A0015CA8A /* AppDelegate.swift in Sources */,
			);
			runOnlyForDeploymentPostprocessing = 0;
		};
		C32F4F5C1DD5BF2A0015CA8A /* Sources */ = {
			isa = PBXSourcesBuildPhase;
			buildActionMask = 2147483647;
			files = (
				C32F4F651DD5BF2A0015CA8A /* ShowTimeTests.swift in Sources */,
			);
			runOnlyForDeploymentPostprocessing = 0;
		};
/* End PBXSourcesBuildPhase section */

/* Begin PBXTargetDependency section */
		C32F4F621DD5BF2A0015CA8A /* PBXTargetDependency */ = {
			isa = PBXTargetDependency;
			target = C32F4F4B1DD5BF2A0015CA8A /* ShowTime */;
			targetProxy = C32F4F611DD5BF2A0015CA8A /* PBXContainerItemProxy */;
		};
/* End PBXTargetDependency section */

/* Begin PBXVariantGroup section */
		C32F4F531DD5BF2A0015CA8A /* Main.storyboard */ = {
			isa = PBXVariantGroup;
			children = (
				C32F4F541DD5BF2A0015CA8A /* Base */,
			);
			name = Main.storyboard;
			sourceTree = "<group>";
		};
		C32F4F581DD5BF2A0015CA8A /* LaunchScreen.storyboard */ = {
			isa = PBXVariantGroup;
			children = (
				C32F4F591DD5BF2A0015CA8A /* Base */,
			);
			name = LaunchScreen.storyboard;
			sourceTree = "<group>";
		};
/* End PBXVariantGroup section */

/* Begin XCBuildConfiguration section */
		C32F4F671DD5BF2A0015CA8A /* Debug */ = {
			isa = XCBuildConfiguration;
			buildSettings = {
				ALWAYS_SEARCH_USER_PATHS = NO;
				CLANG_ANALYZER_NONNULL = YES;
				CLANG_CXX_LANGUAGE_STANDARD = "gnu++0x";
				CLANG_CXX_LIBRARY = "libc++";
				CLANG_ENABLE_MODULES = YES;
				CLANG_ENABLE_OBJC_ARC = YES;
				CLANG_WARN_BOOL_CONVERSION = YES;
				CLANG_WARN_CONSTANT_CONVERSION = YES;
				CLANG_WARN_DIRECT_OBJC_ISA_USAGE = YES_ERROR;
				CLANG_WARN_DOCUMENTATION_COMMENTS = YES;
				CLANG_WARN_EMPTY_BODY = YES;
				CLANG_WARN_ENUM_CONVERSION = YES;
				CLANG_WARN_INFINITE_RECURSION = YES;
				CLANG_WARN_INT_CONVERSION = YES;
				CLANG_WARN_OBJC_ROOT_CLASS = YES_ERROR;
				CLANG_WARN_SUSPICIOUS_MOVES = YES;
				CLANG_WARN_UNREACHABLE_CODE = YES;
				CLANG_WARN__DUPLICATE_METHOD_MATCH = YES;
				"CODE_SIGN_IDENTITY[sdk=iphoneos*]" = "iPhone Developer";
				COPY_PHASE_STRIP = NO;
				DEBUG_INFORMATION_FORMAT = dwarf;
				ENABLE_STRICT_OBJC_MSGSEND = YES;
				ENABLE_TESTABILITY = YES;
				GCC_C_LANGUAGE_STANDARD = gnu99;
				GCC_DYNAMIC_NO_PIC = NO;
				GCC_NO_COMMON_BLOCKS = YES;
				GCC_OPTIMIZATION_LEVEL = 0;
				GCC_PREPROCESSOR_DEFINITIONS = (
					"DEBUG=1",
					"$(inherited)",
				);
				GCC_WARN_64_TO_32_BIT_CONVERSION = YES;
				GCC_WARN_ABOUT_RETURN_TYPE = YES_ERROR;
				GCC_WARN_UNDECLARED_SELECTOR = YES;
				GCC_WARN_UNINITIALIZED_AUTOS = YES_AGGRESSIVE;
				GCC_WARN_UNUSED_FUNCTION = YES;
				GCC_WARN_UNUSED_VARIABLE = YES;
				IPHONEOS_DEPLOYMENT_TARGET = 10.1;
				MTL_ENABLE_DEBUG_INFO = YES;
				ONLY_ACTIVE_ARCH = YES;
				SDKROOT = iphoneos;
				SWIFT_ACTIVE_COMPILATION_CONDITIONS = DEBUG;
				SWIFT_OPTIMIZATION_LEVEL = "-Onone";
				TARGETED_DEVICE_FAMILY = "1,2";
			};
			name = Debug;
		};
		C32F4F681DD5BF2A0015CA8A /* Release */ = {
			isa = XCBuildConfiguration;
			buildSettings = {
				ALWAYS_SEARCH_USER_PATHS = NO;
				CLANG_ANALYZER_NONNULL = YES;
				CLANG_CXX_LANGUAGE_STANDARD = "gnu++0x";
				CLANG_CXX_LIBRARY = "libc++";
				CLANG_ENABLE_MODULES = YES;
				CLANG_ENABLE_OBJC_ARC = YES;
				CLANG_WARN_BOOL_CONVERSION = YES;
				CLANG_WARN_CONSTANT_CONVERSION = YES;
				CLANG_WARN_DIRECT_OBJC_ISA_USAGE = YES_ERROR;
				CLANG_WARN_DOCUMENTATION_COMMENTS = YES;
				CLANG_WARN_EMPTY_BODY = YES;
				CLANG_WARN_ENUM_CONVERSION = YES;
				CLANG_WARN_INFINITE_RECURSION = YES;
				CLANG_WARN_INT_CONVERSION = YES;
				CLANG_WARN_OBJC_ROOT_CLASS = YES_ERROR;
				CLANG_WARN_SUSPICIOUS_MOVES = YES;
				CLANG_WARN_UNREACHABLE_CODE = YES;
				CLANG_WARN__DUPLICATE_METHOD_MATCH = YES;
				"CODE_SIGN_IDENTITY[sdk=iphoneos*]" = "iPhone Developer";
				COPY_PHASE_STRIP = NO;
				DEBUG_INFORMATION_FORMAT = "dwarf-with-dsym";
				ENABLE_NS_ASSERTIONS = NO;
				ENABLE_STRICT_OBJC_MSGSEND = YES;
				GCC_C_LANGUAGE_STANDARD = gnu99;
				GCC_NO_COMMON_BLOCKS = YES;
				GCC_WARN_64_TO_32_BIT_CONVERSION = YES;
				GCC_WARN_ABOUT_RETURN_TYPE = YES_ERROR;
				GCC_WARN_UNDECLARED_SELECTOR = YES;
				GCC_WARN_UNINITIALIZED_AUTOS = YES_AGGRESSIVE;
				GCC_WARN_UNUSED_FUNCTION = YES;
				GCC_WARN_UNUSED_VARIABLE = YES;
				IPHONEOS_DEPLOYMENT_TARGET = 10.1;
				MTL_ENABLE_DEBUG_INFO = NO;
				SDKROOT = iphoneos;
				SWIFT_OPTIMIZATION_LEVEL = "-Owholemodule";
				TARGETED_DEVICE_FAMILY = "1,2";
				VALIDATE_PRODUCT = YES;
			};
			name = Release;
		};
		C32F4F6A1DD5BF2A0015CA8A /* Debug */ = {
			isa = XCBuildConfiguration;
			buildSettings = {
				ASSETCATALOG_COMPILER_APPICON_NAME = AppIcon;
				DEVELOPMENT_TEAM = 9BCL7VAFF4;
				INFOPLIST_FILE = ShowTime/Info.plist;
				IPHONEOS_DEPLOYMENT_TARGET = 8.0;
				LD_RUNPATH_SEARCH_PATHS = "$(inherited) @executable_path/Frameworks";
				PRODUCT_BUNDLE_IDENTIFIER = com.kanecheshire.ShowTime;
				PRODUCT_NAME = "$(TARGET_NAME)";
				SWIFT_VERSION = 3.0;
			};
			name = Debug;
		};
		C32F4F6B1DD5BF2A0015CA8A /* Release */ = {
			isa = XCBuildConfiguration;
			buildSettings = {
				ASSETCATALOG_COMPILER_APPICON_NAME = AppIcon;
				DEVELOPMENT_TEAM = 9BCL7VAFF4;
				INFOPLIST_FILE = ShowTime/Info.plist;
				IPHONEOS_DEPLOYMENT_TARGET = 8.0;
				LD_RUNPATH_SEARCH_PATHS = "$(inherited) @executable_path/Frameworks";
				PRODUCT_BUNDLE_IDENTIFIER = com.kanecheshire.ShowTime;
				PRODUCT_NAME = "$(TARGET_NAME)";
				SWIFT_VERSION = 3.0;
			};
			name = Release;
		};
		C32F4F6D1DD5BF2A0015CA8A /* Debug */ = {
			isa = XCBuildConfiguration;
			buildSettings = {
				ALWAYS_EMBED_SWIFT_STANDARD_LIBRARIES = YES;
				BUNDLE_LOADER = "$(TEST_HOST)";
				DEVELOPMENT_TEAM = 9BCL7VAFF4;
				INFOPLIST_FILE = ShowTimeTests/Info.plist;
				LD_RUNPATH_SEARCH_PATHS = "$(inherited) @executable_path/Frameworks @loader_path/Frameworks";
				PRODUCT_BUNDLE_IDENTIFIER = com.kanecheshire.ShowTimeTests;
				PRODUCT_NAME = "$(TARGET_NAME)";
				SWIFT_VERSION = 3.0;
				TEST_HOST = "$(BUILT_PRODUCTS_DIR)/ShowTime.app/ShowTime";
			};
			name = Debug;
		};
		C32F4F6E1DD5BF2A0015CA8A /* Release */ = {
			isa = XCBuildConfiguration;
			buildSettings = {
				ALWAYS_EMBED_SWIFT_STANDARD_LIBRARIES = YES;
				BUNDLE_LOADER = "$(TEST_HOST)";
				DEVELOPMENT_TEAM = 9BCL7VAFF4;
				INFOPLIST_FILE = ShowTimeTests/Info.plist;
				LD_RUNPATH_SEARCH_PATHS = "$(inherited) @executable_path/Frameworks @loader_path/Frameworks";
				PRODUCT_BUNDLE_IDENTIFIER = com.kanecheshire.ShowTimeTests;
				PRODUCT_NAME = "$(TARGET_NAME)";
				SWIFT_VERSION = 3.0;
				TEST_HOST = "$(BUILT_PRODUCTS_DIR)/ShowTime.app/ShowTime";
			};
			name = Release;
		};
/* End XCBuildConfiguration section */

/* Begin XCConfigurationList section */
		C32F4F471DD5BF2A0015CA8A /* Build configuration list for PBXProject "ShowTime" */ = {
			isa = XCConfigurationList;
			buildConfigurations = (
				C32F4F671DD5BF2A0015CA8A /* Debug */,
				C32F4F681DD5BF2A0015CA8A /* Release */,
			);
			defaultConfigurationIsVisible = 0;
			defaultConfigurationName = Release;
		};
		C32F4F691DD5BF2A0015CA8A /* Build configuration list for PBXNativeTarget "ShowTime" */ = {
			isa = XCConfigurationList;
			buildConfigurations = (
				C32F4F6A1DD5BF2A0015CA8A /* Debug */,
				C32F4F6B1DD5BF2A0015CA8A /* Release */,
			);
			defaultConfigurationIsVisible = 0;
		};
		C32F4F6C1DD5BF2A0015CA8A /* Build configuration list for PBXNativeTarget "ShowTimeTests" */ = {
			isa = XCConfigurationList;
			buildConfigurations = (
				C32F4F6D1DD5BF2A0015CA8A /* Debug */,
				C32F4F6E1DD5BF2A0015CA8A /* Release */,
			);
			defaultConfigurationIsVisible = 0;
		};
/* End XCConfigurationList section */
	};
	rootObject = C32F4F441DD5BF2A0015CA8A /* Project object */;
}
